
Microsoft Visual Studio Solution File, Format Version 12.00
# Visual Studio 15
Project("{FAE04EC0-301F-11D3-BF4B-00C04F79EFBC}") = "Assembly-CSharp", "Assembly-CSharp.csproj", "{6454FB3B-26B6-62F8-620D-CE837811A18F}"
EndProject
Project("{2150E333-8FDC-42A3-9474-1A3956D46DE8}") = "Assets", "Assets", "{DC810D61-68E3-4E67-97B4-AE136ADF6CD6}"
EndProject
Project("{2150E333-8FDC-42A3-9474-1A3956D46DE8}") = "Scripts", "Scripts", "{87F72ABC-5DDF-42A5-A4EF-2860B6DCE88E}"
EndProject
Project("{2150E333-8FDC-42A3-9474-1A3956D46DE8}") = "ProjectBase", "ProjectBase", "{1641D2AB-1D3E-4898-9113-E40235871388}"
EndProject
Project("{2150E333-8FDC-42A3-9474-1A3956D46DE8}") = "Json", "Json", "{254F4210-330B-4516-9924-09CD1E7F279D}"
EndProject
Project("{9A19103F-16F7-4668-BE54-9A1E7A4F7556}") = "LitJSON", "Assets\Scripts\ProjectBase\Json\LitJson\LitJSON.csproj", "{1CBE2867-B383-4E43-8789-3DEE858261F0}"
EndProject
Global
	GlobalSection(SolutionConfigurationPlatforms) = preSolution
		Debug|Any CPU = Debug|Any CPU
		Release|Any CPU = Release|Any CPU
	EndGlobalSection
	GlobalSection(ProjectConfigurationPlatforms) = postSolution
		{6454FB3B-26B6-62F8-620D-CE837811A18F}.Debug|Any CPU.ActiveCfg = Debug|Any CPU
		{6454FB3B-26B6-62F8-620D-CE837811A18F}.Debug|Any CPU.Build.0 = Debug|Any CPU
		{6454FB3B-26B6-62F8-620D-CE837811A18F}.Release|Any CPU.ActiveCfg = Release|Any CPU
		{6454FB3B-26B6-62F8-620D-CE837811A18F}.Release|Any CPU.Build.0 = Release|Any CPU
		{1CBE2867-B383-4E43-8789-3DEE858261F0}.Debug|Any CPU.ActiveCfg = Debug|Any CPU
		{1CBE2867-B383-4E43-8789-3DEE858261F0}.Debug|Any CPU.Build.0 = Debug|Any CPU
		{1CBE2867-B383-4E43-8789-3DEE858261F0}.Release|Any CPU.ActiveCfg = Release|Any CPU
		{1CBE2867-B383-4E43-8789-3DEE858261F0}.Release|Any CPU.Build.0 = Release|Any CPU
	EndGlobalSection
	GlobalSection(SolutionProperties) = preSolution
		HideSolutionNode = FALSE
	EndGlobalSection
	GlobalSection(NestedProjects) = preSolution
		{87F72ABC-5DDF-42A5-A4EF-2860B6DCE88E} = {DC810D61-68E3-4E67-97B4-AE136ADF6CD6}
		{1641D2AB-1D3E-4898-9113-E40235871388} = {87F72ABC-5DDF-42A5-A4EF-2860B6DCE88E}
		{254F4210-330B-4516-9924-09CD1E7F279D} = {1641D2AB-1D3E-4898-9113-E40235871388}
		{1CBE2867-B383-4E43-8789-3DEE858261F0} = {254F4210-330B-4516-9924-09CD1E7F279D}
	EndGlobalSection
EndGlobal
